
Microsoft Visual Studio Solution File, Format Version 12.00
# Visual Studio Version 16
VisualStudioVersion = 16.0.31205.134
MinimumVisualStudioVersion = 10.0.40219.1
Project("{8BC9CEB8-8B4A-11D0-8D11-00A0C91BC942}") = "Win32ListView", "Win32ListView.vcxproj", "{EB8BE30B-6F50-4110-BC2F-C6CFD59D5072}"
EndProject
Global
	GlobalSection(SolutionConfigurationPlatforms) = preSolution
		Debug|x64 = Debug|x64
		Debug|x86 = Debug|x86
		Release|x64 = Release|x64
		Release|x86 = Release|x86
	EndGlobalSection
	GlobalSection(ProjectConfigurationPlatforms) = postSolution
		{EB8BE30B-6F50-4110-BC2F-C6CFD59D5072}.Debug|x64.ActiveCfg = Debug|x64
		{EB8BE30B-6F50-4110-BC2F-C6CFD59D5072}.Debug|x64.Build.0 = Debug|x64
		{EB8BE30B-6F50-4110-BC2F-C6CFD59D5072}.Debug|x86.ActiveCfg = Debug|Win32
		{EB8BE30B-6F50-4110-BC2F-C6CFD59D5072}.Debug|x86.Build.0 = Debug|Win32
		{EB8BE30B-6F50-4110-BC2F-C6CFD59D5072}.Release|x64.ActiveCfg = Release|x64
		{EB8BE30B-6F50-4110-BC2F-C6CFD59D5072}.Release|x64.Build.0 = Release|x64
		{EB8BE30B-6F50-4110-BC2F-C6CFD59D5072}.Release|x86.ActiveCfg = Release|Win32
		{EB8BE30B-6F50-4110-BC2F-C6CFD59D5072}.Release|x86.Build.0 = Release|Win32
	EndGlobalSection
	GlobalSection(SolutionProperties) = preSolution
		HideSolutionNode = FALSE
	EndGlobalSection
	GlobalSection(ExtensibilityGlobals) = postSolution
		SolutionGuid = {DBCAE433-71F6-4B38-BD46-DD46689FF211}
	EndGlobalSection
EndGlobal
